# THIS IS AN AUTOGENERATED FILE. DO NOT EDIT THIS FILE DIRECTLY.
# yarn lockfile v1


earcut@^2.1.1:
  version "2.1.1"
  resolved "https://registry.yarnpkg.com/earcut/-/earcut-2.1.1.tgz#157634e5f3ebb42224e475016e86a5b6ce556b45"

opentype.js@^0.7.2:
  version "0.7.2"
  resolved "https://registry.yarnpkg.com/opentype.js/-/opentype.js-0.7.2.tgz#cfe1c98f12f858a269ac00cd3b6de5d5f67d90af"
  dependencies:
    tiny-inflate "^1.0.2"

three@^0.86.0:
  version "0.86.0"
  resolved "https://registry.yarnpkg.com/three/-/three-0.86.0.tgz#1c33e476a1537e9a8a18f5792d024b1046cd2000"

tiny-inflate@^1.0.2:
  version "1.0.2"
  resolved "https://registry.yarnpkg.com/tiny-inflate/-/tiny-inflate-1.0.2.tgz#93d9decffc8805bd57eae4310f0b745e9b6fb3a7"
